# This file is autogenerated, do not edit; changes may be undone by the next 'dep ensure'.


[[projects]]
  name = "github.com/Shyp/go-dberror"
  packages = ["."]
  revision = "92eb70dfc8085d97ba843c5cdb8c62086e35e344"
  version = "0.5"

[[projects]]
  branch = "master"
  name = "github.com/Shyp/go-debug"
  packages = ["."]
  revision = "8a83ccc090f85476c00619c04fd46f37b973a031"

[[projects]]
  name = "github.com/Shyp/go-simple-metrics"
  packages = ["."]
  revision = "416f9b3f4ee36e7cd9d48f2b50aebbc3949e914f"
  version = "0.3"

[[projects]]
  name = "github.com/Shyp/go-types"
  packages = ["."]
  revision = "d3a92d5d02647ebf45fe2c28cccf4b640544c7a6"
  version = "0.13"

[[projects]]
  name = "github.com/Shyp/rest"
  packages = ["."]
  revision = "b2c053a6ab954961c506c953ba0e735aac5725c2"
  version = "1.1"

[[projects]]
  name = "github.com/go-stack/stack"
  packages = ["."]
  revision = "259ab82a6cad3992b4e21ff5cac294ccb06474bc"
  version = "v1.7.0"

[[projects]]
  name = "github.com/gorilla/handlers"
  packages = ["."]
  revision = "a24b39a6a2c8a7af2fe664dd4573205c99904035"

[[projects]]
  name = "github.com/inconshreveable/log15"
  packages = ["."]
  revision = "0decfc6c20d9ca0ad143b0e89dcaa20f810b4fb3"
  version = "v2.13"

[[projects]]
  name = "github.com/lib/pq"
  packages = [
    ".",
    "oid"
  ]
  revision = "3cd0097429be7d611bb644ef85b42bfb102ceea4"

[[projects]]
  name = "github.com/mattn/go-colorable"
  packages = ["."]
  revision = "167de6bfdfba052fa6b2d3664c8f5272e23c9072"
  version = "v0.0.9"

[[projects]]
  name = "github.com/mattn/go-isatty"
  packages = ["."]
  revision = "0360b2af4f38e8d38c7fce2a9f4e702702d73a39"
  version = "v0.0.3"

[[projects]]
  name = "github.com/mihasya/go-metrics-librato"
  packages = ["."]
  revision = "0ec8d5e8bf04a48fc5c96792bfd016b08afdabad"

[[projects]]
  branch = "master"
  name = "github.com/nu7hatch/gouuid"
  packages = ["."]
  revision = "179d4d0c4d8d407a32af483c2354df1d2c91e6c3"

[[projects]]
  name = "github.com/rcrowley/go-metrics"
  packages = ["."]
  revision = "eeba7bd0dd01ace6e690fa833b3f22aaec29af43"

[[projects]]
  branch = "master"
  name = "golang.org/x/net"
  packages = ["context"]
  revision = "5ccada7d0a7ba9aeb5d3aca8d3501b4c2a509fec"

[[projects]]
  branch = "master"
  name = "golang.org/x/sync"
  packages = ["errgroup"]
  revision = "fd80eb99c8f653c847d294a001bdf2a3a6f768f5"

[[projects]]
  branch = "master"
  name = "golang.org/x/sys"
  packages = ["unix"]
  revision = "2c42eef0765b9837fbdab12011af7830f55f88f0"

[solve-meta]
  analyzer-name = "dep"
  analyzer-version = 1
  inputs-digest = "3e803ca577fdff32512a58ecdcff4bcc16978e68a795b5265e5c7e386dce219e"
  solver-name = "gps-cdcl"
  solver-version = 1
