# This file is autogenerated, do not edit; changes may be undone by the next 'dep ensure'.


[[projects]]
  name = "github.com/Shyp/go-dberror"
  packages = ["."]
  revision = "92eb70dfc8085d97ba843c5cdb8c62086e35e344"
  version = "0.5"

[[projects]]
  branch = "master"
  name = "github.com/Shyp/go-debug"
  packages = ["."]
  revision = "8a83ccc090f85476c00619c04fd46f37b973a031"

[[projects]]
  name = "github.com/Shyp/go-simple-metrics"
  packages = ["."]
  revision = "416f9b3f4ee36e7cd9d48f2b50aebbc3949e914f"
  version = "0.3"

[[projects]]
  name = "github.com/Shyp/go-types"
  packages = ["."]
  revision = "d3a92d5d02647ebf45fe2c28cccf4b640544c7a6"
  version = "0.13"

[[projects]]
  name = "github.com/gorilla/handlers"
  packages = ["."]
  revision = "a24b39a6a2c8a7af2fe664dd4573205c99904035"

[[projects]]
  name = "github.com/lib/pq"
  packages = [
    ".",
    "oid"
  ]
  revision = "3cd0097429be7d611bb644ef85b42bfb102ceea4"

[[projects]]
  name = "github.com/mihasya/go-metrics-librato"
  packages = ["."]
  revision = "0ec8d5e8bf04a48fc5c96792bfd016b08afdabad"

[[projects]]
  branch = "master"
  name = "github.com/nu7hatch/gouuid"
  packages = ["."]
  revision = "179d4d0c4d8d407a32af483c2354df1d2c91e6c3"

[[projects]]
  name = "github.com/rcrowley/go-metrics"
  packages = ["."]
  revision = "eeba7bd0dd01ace6e690fa833b3f22aaec29af43"

[solve-meta]
  analyzer-name = "dep"
  analyzer-version = 1
  inputs-digest = "c9642c8d2e9161b772074f7d77ef6f428c569cd109e3bbf01deae6ada1f8e5b3"
  solver-name = "gps-cdcl"
  solver-version = 1
